
Microsoft Visual Studio Solution File, Format Version 12.00
# Visual Studio Version 16
VisualStudioVersion = 16.0.31424.327
MinimumVisualStudioVersion = 10.0.40219.1
Project("{FAE04EC0-301F-11D3-BF4B-00C04F79EFBC}") = "WordFilter", "WordFilter.csproj", "{BD01988C-814C-44E1-A062-FB5577698336}"
EndProject
Project("{2150E333-8FDC-42A3-9474-1A3956D46DE8}") = "Solution Items", "Solution Items", "{4208F9DE-675A-43A8-B043-AD5786F9DB89}"
	ProjectSection(SolutionItems) = preProject
		.editorconfig = .editorconfig
	EndProjectSection
EndProject
Project("{FAE04EC0-301F-11D3-BF4B-00C04F79EFBC}") = "Test", "Test\Test.csproj", "{6949733D-45ED-41E0-9743-EEAA059B995A}"
EndProject
Project("{FAE04EC0-301F-11D3-BF4B-00C04F79EFBC}") = "WFCEditor", "WFCEditor\WFCEditor.csproj", "{5D192EAA-0009-4688-80A1-A2CB8C97F89D}"
EndProject
Global
	GlobalSection(SolutionConfigurationPlatforms) = preSolution
		Debug|Any CPU = Debug|Any CPU
		Release|Any CPU = Release|Any CPU
	EndGlobalSection
	GlobalSection(ProjectConfigurationPlatforms) = postSolution
		{BD01988C-814C-44E1-A062-FB5577698336}.Debug|Any CPU.ActiveCfg = Debug|Any CPU
		{BD01988C-814C-44E1-A062-FB5577698336}.Debug|Any CPU.Build.0 = Debug|Any CPU
		{BD01988C-814C-44E1-A062-FB5577698336}.Release|Any CPU.ActiveCfg = Release|Any CPU
		{BD01988C-814C-44E1-A062-FB5577698336}.Release|Any CPU.Build.0 = Release|Any CPU
		{6949733D-45ED-41E0-9743-EEAA059B995A}.Debug|Any CPU.ActiveCfg = Debug|Any CPU
		{6949733D-45ED-41E0-9743-EEAA059B995A}.Debug|Any CPU.Build.0 = Debug|Any CPU
		{6949733D-45ED-41E0-9743-EEAA059B995A}.Release|Any CPU.ActiveCfg = Release|Any CPU
		{6949733D-45ED-41E0-9743-EEAA059B995A}.Release|Any CPU.Build.0 = Release|Any CPU
		{5D192EAA-0009-4688-80A1-A2CB8C97F89D}.Debug|Any CPU.ActiveCfg = Debug|Any CPU
		{5D192EAA-0009-4688-80A1-A2CB8C97F89D}.Debug|Any CPU.Build.0 = Debug|Any CPU
		{5D192EAA-0009-4688-80A1-A2CB8C97F89D}.Release|Any CPU.ActiveCfg = Release|Any CPU
		{5D192EAA-0009-4688-80A1-A2CB8C97F89D}.Release|Any CPU.Build.0 = Release|Any CPU
	EndGlobalSection
	GlobalSection(SolutionProperties) = preSolution
		HideSolutionNode = FALSE
	EndGlobalSection
	GlobalSection(ExtensibilityGlobals) = postSolution
		SolutionGuid = {B4A0F185-7D2A-400B-A74A-F4672A2CB735}
	EndGlobalSection
EndGlobal
